{
  "originHash" : "a80487ad65aa19999d677ceb5188e25b65ea92233399f5493514aaa1b3fda85c",
  "pins" : [
    {
      "identity" : "simplelogger",
      "kind" : "remoteSourceControl",
      "location" : "https://github.com/fatbobman/SimpleLogger.git",
      "state" : {
        "revision" : "1a532ca493eeb9b93413f40194fd01e46731317e",
        "version" : "0.8.0"
      }
    }
  ],
  "version" : 3
}
